// !$*UTF8*$!
{
	archiveVersion = 1;
	classes = {
	};
	objectVersion = 46;
	objects = {

/* Begin PBXBuildFile section */
		987FFE63E21E2ACF990125F1 /* Pods_Animations.framework in Frameworks */ = {isa = PBXBuildFile; fileRef = 6671C1CB10D1362A3321F396 /* Pods_Animations.framework */; };
		EC11FF211EA7E03A006B5745 /* AppDelegate.swift in Sources */ = {isa = PBXBuildFile; fileRef = EC11FF201EA7E03A006B5745 /* AppDelegate.swift */; };
		EC11FF261EA7E03A006B5745 /* Main.storyboard in Resources */ = {isa = PBXBuildFile; fileRef = EC11FF241EA7E03A006B5745 /* Main.storyboard */; };
		EC11FF281EA7E03A006B5745 /* Assets.xcassets in Resources */ = {isa = PBXBuildFile; fileRef = EC11FF271EA7E03A006B5745 /* Assets.xcassets */; };
		EC11FF2B1EA7E03A006B5745 /* LaunchScreen.storyboard in Resources */ = {isa = PBXBuildFile; fileRef = EC11FF291EA7E03A006B5745 /* LaunchScreen.storyboard */; };
		EC11FF401EA92E07006B5745 /* ContainerViewController.swift in Sources */ = {isa = PBXBuildFile; fileRef = EC11FF3F1EA92E07006B5745 /* ContainerViewController.swift */; };
		EC11FF421EA92E72006B5745 /* ProjectsViewController.swift in Sources */ = {isa = PBXBuildFile; fileRef = EC11FF411EA92E72006B5745 /* ProjectsViewController.swift */; };
		EC11FF441EA92E87006B5745 /* PrototypesViewController.swift in Sources */ = {isa = PBXBuildFile; fileRef = EC11FF431EA92E87006B5745 /* PrototypesViewController.swift */; };
		EC11FF461EA92E99006B5745 /* FilesViewController.swift in Sources */ = {isa = PBXBuildFile; fileRef = EC11FF451EA92E99006B5745 /* FilesViewController.swift */; };
		EC11FF481EA92EA4006B5745 /* PhotosViewController.swift in Sources */ = {isa = PBXBuildFile; fileRef = EC11FF471EA92EA4006B5745 /* PhotosViewController.swift */; };
		EC11FF4A1EA92EB1006B5745 /* RecentlyViewController.swift in Sources */ = {isa = PBXBuildFile; fileRef = EC11FF491EA92EB1006B5745 /* RecentlyViewController.swift */; };
/* End PBXBuildFile section */

/* Begin PBXFileReference section */
		6671C1CB10D1362A3321F396 /* Pods_Animations.framework */ = {isa = PBXFileReference; explicitFileType = wrapper.framework; includeInIndex = 0; path = Pods_Animations.framework; sourceTree = BUILT_PRODUCTS_DIR; };
		79A19B2EFBA94ACC95328403 /* Pods-Animations.debug.xcconfig */ = {isa = PBXFileReference; includeInIndex = 1; lastKnownFileType = text.xcconfig; name = "Pods-Animations.debug.xcconfig"; path = "Pods/Target Support Files/Pods-Animations/Pods-Animations.debug.xcconfig"; sourceTree = "<group>"; };
		D132122971D6FF04E14F14FF /* Pods-Animations.release.xcconfig */ = {isa = PBXFileReference; includeInIndex = 1; lastKnownFileType = text.xcconfig; name = "Pods-Animations.release.xcconfig"; path = "Pods/Target Support Files/Pods-Animations/Pods-Animations.release.xcconfig"; sourceTree = "<group>"; };
		EC11FF1D1EA7E03A006B5745 /* Animations.app */ = {isa = PBXFileReference; explicitFileType = wrapper.application; includeInIndex = 0; path = Animations.app; sourceTree = BUILT_PRODUCTS_DIR; };
		EC11FF201EA7E03A006B5745 /* AppDelegate.swift */ = {isa = PBXFileReference; lastKnownFileType = sourcecode.swift; path = AppDelegate.swift; sourceTree = "<group>"; };
		EC11FF251EA7E03A006B5745 /* Base */ = {isa = PBXFileReference; lastKnownFileType = file.storyboard; name = Base; path = Base.lproj/Main.storyboard; sourceTree = "<group>"; };
		EC11FF271EA7E03A006B5745 /* Assets.xcassets */ = {isa = PBXFileReference; lastKnownFileType = folder.assetcatalog; path = Assets.xcassets; sourceTree = "<group>"; };
		EC11FF2A1EA7E03A006B5745 /* Base */ = {isa = PBXFileReference; lastKnownFileType = file.storyboard; name = Base; path = Base.lproj/LaunchScreen.storyboard; sourceTree = "<group>"; };
		EC11FF2C1EA7E03A006B5745 /* Info.plist */ = {isa = PBXFileReference; lastKnownFileType = text.plist.xml; path = Info.plist; sourceTree = "<group>"; };
		EC11FF3F1EA92E07006B5745 /* ContainerViewController.swift */ = {isa = PBXFileReference; fileEncoding = 4; lastKnownFileType = sourcecode.swift; path = ContainerViewController.swift; sourceTree = "<group>"; };
		EC11FF411EA92E72006B5745 /* ProjectsViewController.swift */ = {isa = PBXFileReference; fileEncoding = 4; lastKnownFileType = sourcecode.swift; path = ProjectsViewController.swift; sourceTree = "<group>"; };
		EC11FF431EA92E87006B5745 /* PrototypesViewController.swift */ = {isa = PBXFileReference; fileEncoding = 4; lastKnownFileType = sourcecode.swift; path = PrototypesViewController.swift; sourceTree = "<group>"; };
		EC11FF451EA92E99006B5745 /* FilesViewController.swift */ = {isa = PBXFileReference; fileEncoding = 4; lastKnownFileType = sourcecode.swift; path = FilesViewController.swift; sourceTree = "<group>"; };
		EC11FF471EA92EA4006B5745 /* PhotosViewController.swift */ = {isa = PBXFileReference; fileEncoding = 4; lastKnownFileType = sourcecode.swift; path = PhotosViewController.swift; sourceTree = "<group>"; };
		EC11FF491EA92EB1006B5745 /* RecentlyViewController.swift */ = {isa = PBXFileReference; fileEncoding = 4; lastKnownFileType = sourcecode.swift; path = RecentlyViewController.swift; sourceTree = "<group>"; };
/* End PBXFileReference section */

/* Begin PBXFrameworksBuildPhase section */
		EC11FF1A1EA7E03A006B5745 /* Frameworks */ = {
			isa = PBXFrameworksBuildPhase;
			buildActionMask = 2147483647;
			files = (
				987FFE63E21E2ACF990125F1 /* Pods_Animations.framework in Frameworks */,
			);
			runOnlyForDeploymentPostprocessing = 0;
		};
/* End PBXFrameworksBuildPhase section */

/* Begin PBXGroup section */
		3759C50DC6C31E7B3D2520E2 /* Pods */ = {
			isa = PBXGroup;
			children = (
				79A19B2EFBA94ACC95328403 /* Pods-Animations.debug.xcconfig */,
				D132122971D6FF04E14F14FF /* Pods-Animations.release.xcconfig */,
			);
			name = Pods;
			sourceTree = "<group>";
		};
		8859AC5604C52EF217EC83E5 /* Frameworks */ = {
			isa = PBXGroup;
			children = (
				6671C1CB10D1362A3321F396 /* Pods_Animations.framework */,
			);
			name = Frameworks;
			sourceTree = "<group>";
		};
		EC11FF141EA7E03A006B5745 = {
			isa = PBXGroup;
			children = (
				EC11FF1F1EA7E03A006B5745 /* Animations */,
				EC11FF1E1EA7E03A006B5745 /* Products */,
				3759C50DC6C31E7B3D2520E2 /* Pods */,
				8859AC5604C52EF217EC83E5 /* Frameworks */,
			);
			sourceTree = "<group>";
		};
		EC11FF1E1EA7E03A006B5745 /* Products */ = {
			isa = PBXGroup;
			children = (
				EC11FF1D1EA7E03A006B5745 /* Animations.app */,
			);
			name = Products;
			sourceTree = "<group>";
		};
		EC11FF1F1EA7E03A006B5745 /* Animations */ = {
			isa = PBXGroup;
			children = (
				EC11FF3C1EA92DD4006B5745 /* Model */,
				EC11FF3E1EA92DDD006B5745 /* Views */,
				EC11FF3D1EA92DD8006B5745 /* Controllers */,
				EC11FF201EA7E03A006B5745 /* AppDelegate.swift */,
				EC11FF241EA7E03A006B5745 /* Main.storyboard */,
				EC11FF271EA7E03A006B5745 /* Assets.xcassets */,
				EC11FF291EA7E03A006B5745 /* LaunchScreen.storyboard */,
				EC11FF2C1EA7E03A006B5745 /* Info.plist */,
			);
			path = Animations;
			sourceTree = "<group>";
		};
		EC11FF3C1EA92DD4006B5745 /* Model */ = {
			isa = PBXGroup;
			children = (
			);
			path = Model;
			sourceTree = "<group>";
		};
		EC11FF3D1EA92DD8006B5745 /* Controllers */ = {
			isa = PBXGroup;
			children = (
				EC11FF3F1EA92E07006B5745 /* ContainerViewController.swift */,
				EC11FF411EA92E72006B5745 /* ProjectsViewController.swift */,
				EC11FF431EA92E87006B5745 /* PrototypesViewController.swift */,
				EC11FF451EA92E99006B5745 /* FilesViewController.swift */,
				EC11FF471EA92EA4006B5745 /* PhotosViewController.swift */,
				EC11FF491EA92EB1006B5745 /* RecentlyViewController.swift */,
			);
			path = Controllers;
			sourceTree = "<group>";
		};
		EC11FF3E1EA92DDD006B5745 /* Views */ = {
			isa = PBXGroup;
			children = (
			);
			path = Views;
			sourceTree = "<group>";
		};
/* End PBXGroup section */

/* Begin PBXNativeTarget section */
		EC11FF1C1EA7E03A006B5745 /* Animations */ = {
			isa = PBXNativeTarget;
			buildConfigurationList = EC11FF2F1EA7E03A006B5745 /* Build configuration list for PBXNativeTarget "Animations" */;
			buildPhases = (
				633675C0465C022BC8FBF02A /* [CP] Check Pods Manifest.lock */,
				EC11FF191EA7E03A006B5745 /* Sources */,
				EC11FF1A1EA7E03A006B5745 /* Frameworks */,
				EC11FF1B1EA7E03A006B5745 /* Resources */,
				5787B794C212459F4355AB57 /* [CP] Embed Pods Frameworks */,
				19353A077AF492B467390799 /* [CP] Copy Pods Resources */,
			);
			buildRules = (
			);
			dependencies = (
			);
			name = Animations;
			productName = Animations;
			productReference = EC11FF1D1EA7E03A006B5745 /* Animations.app */;
			productType = "com.apple.product-type.application";
		};
/* End PBXNativeTarget section */

/* Begin PBXProject section */
		EC11FF151EA7E03A006B5745 /* Project object */ = {
			isa = PBXProject;
			attributes = {
				LastSwiftUpdateCheck = 0810;
				LastUpgradeCheck = 0810;
				ORGANIZATIONNAME = KhaiHoang;
				TargetAttributes = {
					EC11FF1C1EA7E03A006B5745 = {
						CreatedOnToolsVersion = 8.1;
						DevelopmentTeam = Y623F6RAZ4;
						ProvisioningStyle = Automatic;
					};
				};
			};
			buildConfigurationList = EC11FF181EA7E03A006B5745 /* Build configuration list for PBXProject "Animations" */;
			compatibilityVersion = "Xcode 3.2";
			developmentRegion = English;
			hasScannedForEncodings = 0;
			knownRegions = (
				en,
				Base,
			);
			mainGroup = EC11FF141EA7E03A006B5745;
			productRefGroup = EC11FF1E1EA7E03A006B5745 /* Products */;
			projectDirPath = "";
			projectRoot = "";
			targets = (
				EC11FF1C1EA7E03A006B5745 /* Animations */,
			);
		};
/* End PBXProject section */

/* Begin PBXResourcesBuildPhase section */
		EC11FF1B1EA7E03A006B5745 /* Resources */ = {
			isa = PBXResourcesBuildPhase;
			buildActionMask = 2147483647;
			files = (
				EC11FF2B1EA7E03A006B5745 /* LaunchScreen.storyboard in Resources */,
				EC11FF281EA7E03A006B5745 /* Assets.xcassets in Resources */,
				EC11FF261EA7E03A006B5745 /* Main.storyboard in Resources */,
			);
			runOnlyForDeploymentPostprocessing = 0;
		};
/* End PBXResourcesBuildPhase section */

/* Begin PBXShellScriptBuildPhase section */
		19353A077AF492B467390799 /* [CP] Copy Pods Resources */ = {
			isa = PBXShellScriptBuildPhase;
			buildActionMask = 2147483647;
			files = (
			);
			inputPaths = (
			);
			name = "[CP] Copy Pods Resources";
			outputPaths = (
			);
			runOnlyForDeploymentPostprocessing = 0;
			shellPath = /bin/sh;
			shellScript = "\"${SRCROOT}/Pods/Target Support Files/Pods-Animations/Pods-Animations-resources.sh\"\n";
			showEnvVarsInLog = 0;
		};
		5787B794C212459F4355AB57 /* [CP] Embed Pods Frameworks */ = {
			isa = PBXShellScriptBuildPhase;
			buildActionMask = 2147483647;
			files = (
			);
			inputPaths = (
			);
			name = "[CP] Embed Pods Frameworks";
			outputPaths = (
			);
			runOnlyForDeploymentPostprocessing = 0;
			shellPath = /bin/sh;
			shellScript = "\"${SRCROOT}/Pods/Target Support Files/Pods-Animations/Pods-Animations-frameworks.sh\"\n";
			showEnvVarsInLog = 0;
		};
		633675C0465C022BC8FBF02A /* [CP] Check Pods Manifest.lock */ = {
			isa = PBXShellScriptBuildPhase;
			buildActionMask = 2147483647;
			files = (
			);
			inputPaths = (
			);
			name = "[CP] Check Pods Manifest.lock";
			outputPaths = (
			);
			runOnlyForDeploymentPostprocessing = 0;
			shellPath = /bin/sh;
			shellScript = "diff \"${PODS_PODFILE_DIR_PATH}/Podfile.lock\" \"${PODS_ROOT}/Manifest.lock\" > /dev/null\nif [ $? != 0 ] ; then\n    # print error to STDERR\n    echo \"error: The sandbox is not in sync with the Podfile.lock. Run 'pod install' or update your CocoaPods installation.\" >&2\n    exit 1\nfi\n";
			showEnvVarsInLog = 0;
		};
/* End PBXShellScriptBuildPhase section */

/* Begin PBXSourcesBuildPhase section */
		EC11FF191EA7E03A006B5745 /* Sources */ = {
			isa = PBXSourcesBuildPhase;
			buildActionMask = 2147483647;
			files = (
				EC11FF421EA92E72006B5745 /* ProjectsViewController.swift in Sources */,
				EC11FF441EA92E87006B5745 /* PrototypesViewController.swift in Sources */,
				EC11FF401EA92E07006B5745 /* ContainerViewController.swift in Sources */,
				EC11FF481EA92EA4006B5745 /* PhotosViewController.swift in Sources */,
				EC11FF461EA92E99006B5745 /* FilesViewController.swift in Sources */,
				EC11FF211EA7E03A006B5745 /* AppDelegate.swift in Sources */,
				EC11FF4A1EA92EB1006B5745 /* RecentlyViewController.swift in Sources */,
			);
			runOnlyForDeploymentPostprocessing = 0;
		};
/* End PBXSourcesBuildPhase section */

/* Begin PBXVariantGroup section */
		EC11FF241EA7E03A006B5745 /* Main.storyboard */ = {
			isa = PBXVariantGroup;
			children = (
				EC11FF251EA7E03A006B5745 /* Base */,
			);
			name = Main.storyboard;
			sourceTree = "<group>";
		};
		EC11FF291EA7E03A006B5745 /* LaunchScreen.storyboard */ = {
			isa = PBXVariantGroup;
			children = (
				EC11FF2A1EA7E03A006B5745 /* Base */,
			);
			name = LaunchScreen.storyboard;
			sourceTree = "<group>";
		};
/* End PBXVariantGroup section */

/* Begin XCBuildConfiguration section */
		EC11FF2D1EA7E03A006B5745 /* Debug */ = {
			isa = XCBuildConfiguration;
			buildSettings = {
				ALWAYS_SEARCH_USER_PATHS = NO;
				CLANG_ANALYZER_NONNULL = YES;
				CLANG_CXX_LANGUAGE_STANDARD = "gnu++0x";
				CLANG_CXX_LIBRARY = "libc++";
				CLANG_ENABLE_MODULES = YES;
				CLANG_ENABLE_OBJC_ARC = YES;
				CLANG_WARN_BOOL_CONVERSION = YES;
				CLANG_WARN_CONSTANT_CONVERSION = YES;
				CLANG_WARN_DIRECT_OBJC_ISA_USAGE = YES_ERROR;
				CLANG_WARN_DOCUMENTATION_COMMENTS = YES;
				CLANG_WARN_EMPTY_BODY = YES;
				CLANG_WARN_ENUM_CONVERSION = YES;
				CLANG_WARN_INFINITE_RECURSION = YES;
				CLANG_WARN_INT_CONVERSION = YES;
				CLANG_WARN_OBJC_ROOT_CLASS = YES_ERROR;
				CLANG_WARN_SUSPICIOUS_MOVES = YES;
				CLANG_WARN_UNREACHABLE_CODE = YES;
				CLANG_WARN__DUPLICATE_METHOD_MATCH = YES;
				"CODE_SIGN_IDENTITY[sdk=iphoneos*]" = "iPhone Developer";
				COPY_PHASE_STRIP = NO;
				DEBUG_INFORMATION_FORMAT = dwarf;
				ENABLE_STRICT_OBJC_MSGSEND = YES;
				ENABLE_TESTABILITY = YES;
				GCC_C_LANGUAGE_STANDARD = gnu99;
				GCC_DYNAMIC_NO_PIC = NO;
				GCC_NO_COMMON_BLOCKS = YES;
				GCC_OPTIMIZATION_LEVEL = 0;
				GCC_PREPROCESSOR_DEFINITIONS = (
					"DEBUG=1",
					"$(inherited)",
				);
				GCC_WARN_64_TO_32_BIT_CONVERSION = YES;
				GCC_WARN_ABOUT_RETURN_TYPE = YES_ERROR;
				GCC_WARN_UNDECLARED_SELECTOR = YES;
				GCC_WARN_UNINITIALIZED_AUTOS = YES_AGGRESSIVE;
				GCC_WARN_UNUSED_FUNCTION = YES;
				GCC_WARN_UNUSED_VARIABLE = YES;
				IPHONEOS_DEPLOYMENT_TARGET = 10.1;
				MTL_ENABLE_DEBUG_INFO = YES;
				ONLY_ACTIVE_ARCH = YES;
				SDKROOT = iphoneos;
				SWIFT_ACTIVE_COMPILATION_CONDITIONS = DEBUG;
				SWIFT_OPTIMIZATION_LEVEL = "-Onone";
			};
			name = Debug;
		};
		EC11FF2E1EA7E03A006B5745 /* Release */ = {
			isa = XCBuildConfiguration;
			buildSettings = {
				ALWAYS_SEARCH_USER_PATHS = NO;
				CLANG_ANALYZER_NONNULL = YES;
				CLANG_CXX_LANGUAGE_STANDARD = "gnu++0x";
				CLANG_CXX_LIBRARY = "libc++";
				CLANG_ENABLE_MODULES = YES;
				CLANG_ENABLE_OBJC_ARC = YES;
				CLANG_WARN_BOOL_CONVERSION = YES;
				CLANG_WARN_CONSTANT_CONVERSION = YES;
				CLANG_WARN_DIRECT_OBJC_ISA_USAGE = YES_ERROR;
				CLANG_WARN_DOCUMENTATION_COMMENTS = YES;
				CLANG_WARN_EMPTY_BODY = YES;
				CLANG_WARN_ENUM_CONVERSION = YES;
				CLANG_WARN_INFINITE_RECURSION = YES;
				CLANG_WARN_INT_CONVERSION = YES;
				CLANG_WARN_OBJC_ROOT_CLASS = YES_ERROR;
				CLANG_WARN_SUSPICIOUS_MOVES = YES;
				CLANG_WARN_UNREACHABLE_CODE = YES;
				CLANG_WARN__DUPLICATE_METHOD_MATCH = YES;
				"CODE_SIGN_IDENTITY[sdk=iphoneos*]" = "iPhone Developer";
				COPY_PHASE_STRIP = NO;
				DEBUG_INFORMATION_FORMAT = "dwarf-with-dsym";
				ENABLE_NS_ASSERTIONS = NO;
				ENABLE_STRICT_OBJC_MSGSEND = YES;
				GCC_C_LANGUAGE_STANDARD = gnu99;
				GCC_NO_COMMON_BLOCKS = YES;
				GCC_WARN_64_TO_32_BIT_CONVERSION = YES;
				GCC_WARN_ABOUT_RETURN_TYPE = YES_ERROR;
				GCC_WARN_UNDECLARED_SELECTOR = YES;
				GCC_WARN_UNINITIALIZED_AUTOS = YES_AGGRESSIVE;
				GCC_WARN_UNUSED_FUNCTION = YES;
				GCC_WARN_UNUSED_VARIABLE = YES;
				IPHONEOS_DEPLOYMENT_TARGET = 10.1;
				MTL_ENABLE_DEBUG_INFO = NO;
				SDKROOT = iphoneos;
				SWIFT_OPTIMIZATION_LEVEL = "-Owholemodule";
				VALIDATE_PRODUCT = YES;
			};
			name = Release;
		};
		EC11FF301EA7E03A006B5745 /* Debug */ = {
			isa = XCBuildConfiguration;
			baseConfigurationReference = 79A19B2EFBA94ACC95328403 /* Pods-Animations.debug.xcconfig */;
			buildSettings = {
				ASSETCATALOG_COMPILER_APPICON_NAME = AppIcon;
				DEVELOPMENT_TEAM = Y623F6RAZ4;
				INFOPLIST_FILE = Animations/Info.plist;
				LD_RUNPATH_SEARCH_PATHS = "$(inherited) @executable_path/Frameworks";
				PRODUCT_BUNDLE_IDENTIFIER = com.animations.Animations;
				PRODUCT_NAME = "$(TARGET_NAME)";
				SWIFT_VERSION = 3.0;
			};
			name = Debug;
		};
		EC11FF311EA7E03A006B5745 /* Release */ = {
			isa = XCBuildConfiguration;
			baseConfigurationReference = D132122971D6FF04E14F14FF /* Pods-Animations.release.xcconfig */;
			buildSettings = {
				ASSETCATALOG_COMPILER_APPICON_NAME = AppIcon;
				DEVELOPMENT_TEAM = Y623F6RAZ4;
				INFOPLIST_FILE = Animations/Info.plist;
				LD_RUNPATH_SEARCH_PATHS = "$(inherited) @executable_path/Frameworks";
				PRODUCT_BUNDLE_IDENTIFIER = com.animations.Animations;
				PRODUCT_NAME = "$(TARGET_NAME)";
				SWIFT_VERSION = 3.0;
			};
			name = Release;
		};
/* End XCBuildConfiguration section */

/* Begin XCConfigurationList section */
		EC11FF181EA7E03A006B5745 /* Build configuration list for PBXProject "Animations" */ = {
			isa = XCConfigurationList;
			buildConfigurations = (
				EC11FF2D1EA7E03A006B5745 /* Debug */,
				EC11FF2E1EA7E03A006B5745 /* Release */,
			);
			defaultConfigurationIsVisible = 0;
			defaultConfigurationName = Release;
		};
		EC11FF2F1EA7E03A006B5745 /* Build configuration list for PBXNativeTarget "Animations" */ = {
			isa = XCConfigurationList;
			buildConfigurations = (
				EC11FF301EA7E03A006B5745 /* Debug */,
				EC11FF311EA7E03A006B5745 /* Release */,
			);
			defaultConfigurationIsVisible = 0;
			defaultConfigurationName = Release;
		};
/* End XCConfigurationList section */
	};
	rootObject = EC11FF151EA7E03A006B5745 /* Project object */;
}
